
Microsoft Visual Studio Solution File, Format Version 12.00
# Visual Studio Version 17
VisualStudioVersion = 17.3.32825.248
MinimumVisualStudioVersion = 10.0.40219.1
Project("{9A19103F-16F7-4668-BE54-9A1E7A4F7556}") = "ColsoleCar", "Colsole Car\ColsoleCar.csproj", "{2375D6EB-183C-4F05-AB6D-70D8C666B5E0}"
EndProject
Global
	GlobalSection(SolutionConfigurationPlatforms) = preSolution
		Debug|Any CPU = Debug|Any CPU
		Release|Any CPU = Release|Any CPU
	EndGlobalSection
	GlobalSection(ProjectConfigurationPlatforms) = postSolution
		{2375D6EB-183C-4F05-AB6D-70D8C666B5E0}.Debug|Any CPU.ActiveCfg = Debug|Any CPU
		{2375D6EB-183C-4F05-AB6D-70D8C666B5E0}.Debug|Any CPU.Build.0 = Debug|Any CPU
		{2375D6EB-183C-4F05-AB6D-70D8C666B5E0}.Release|Any CPU.ActiveCfg = Release|Any CPU
		{2375D6EB-183C-4F05-AB6D-70D8C666B5E0}.Release|Any CPU.Build.0 = Release|Any CPU
	EndGlobalSection
	GlobalSection(SolutionProperties) = preSolution
		HideSolutionNode = FALSE
	EndGlobalSection
	GlobalSection(ExtensibilityGlobals) = postSolution
		SolutionGuid = {1211D81F-9644-4165-A763-52CC11B2DF53}
	EndGlobalSection
EndGlobal
